
Microsoft Visual Studio Solution File, Format Version 12.00
# Visual Studio 15
VisualStudioVersion = 15.0.28010.2016
MinimumVisualStudioVersion = 10.0.40219.1
Project("{9A19103F-16F7-4668-BE54-9A1E7A4F7556}") = "BotanasDIVAL", "BotanasDIVAL\BotanasDIVAL.csproj", "{770C7AFF-814C-4247-AF4D-ECD68A412E01}"
EndProject
Global
	GlobalSection(SolutionConfigurationPlatforms) = preSolution
		Debug|Any CPU = Debug|Any CPU
		Release|Any CPU = Release|Any CPU
	EndGlobalSection
	GlobalSection(ProjectConfigurationPlatforms) = postSolution
		{770C7AFF-814C-4247-AF4D-ECD68A412E01}.Debug|Any CPU.ActiveCfg = Debug|Any CPU
		{770C7AFF-814C-4247-AF4D-ECD68A412E01}.Debug|Any CPU.Build.0 = Debug|Any CPU
		{770C7AFF-814C-4247-AF4D-ECD68A412E01}.Release|Any CPU.ActiveCfg = Release|Any CPU
		{770C7AFF-814C-4247-AF4D-ECD68A412E01}.Release|Any CPU.Build.0 = Release|Any CPU
	EndGlobalSection
	GlobalSection(SolutionProperties) = preSolution
		HideSolutionNode = FALSE
	EndGlobalSection
	GlobalSection(ExtensibilityGlobals) = postSolution
		SolutionGuid = {01E93E86-A80B-4B32-920B-54C553FAFFD1}
	EndGlobalSection
EndGlobal
